
Microsoft Visual Studio Solution File, Format Version 12.00
# Visual Studio Version 17
VisualStudioVersion = 17.13.35931.197 d17.13
MinimumVisualStudioVersion = 10.0.40219.1
Project("{FAE04EC0-301F-11D3-BF4B-00C04F79EFBC}") = "WEBBANLAPTOP", "WEBBANLAPTOP\WEBBANLAPTOP.csproj", "{2F89D2D1-DF95-4798-8B55-E5764F61F4ED}"
EndProject
Global
	GlobalSection(SolutionConfigurationPlatforms) = preSolution
		Debug|Any CPU = Debug|Any CPU
		Release|Any CPU = Release|Any CPU
	EndGlobalSection
	GlobalSection(ProjectConfigurationPlatforms) = postSolution
		{2F89D2D1-DF95-4798-8B55-E5764F61F4ED}.Debug|Any CPU.ActiveCfg = Debug|Any CPU
		{2F89D2D1-DF95-4798-8B55-E5764F61F4ED}.Debug|Any CPU.Build.0 = Debug|Any CPU
		{2F89D2D1-DF95-4798-8B55-E5764F61F4ED}.Release|Any CPU.ActiveCfg = Release|Any CPU
		{2F89D2D1-DF95-4798-8B55-E5764F61F4ED}.Release|Any CPU.Build.0 = Release|Any CPU
	EndGlobalSection
	GlobalSection(SolutionProperties) = preSolution
		HideSolutionNode = FALSE
	EndGlobalSection
	GlobalSection(ExtensibilityGlobals) = postSolution
		SolutionGuid = {A2D6EB1F-8203-48B3-95F4-69A267488382}
	EndGlobalSection
EndGlobal
